
Microsoft Visual Studio Solution File, Format Version 12.00
# Visual Studio 15
VisualStudioVersion = 15.0.27428.2037
MinimumVisualStudioVersion = 10.0.40219.1
Project("{FAE04EC0-301F-11D3-BF4B-00C04F79EFBC}") = "HovedOpgaveMadplan_007", "HovedOpgaveMadplan_007\HovedOpgaveMadplan_007.csproj", "{F3C753A6-1913-4BE7-B963-D222075835DF}"
EndProject
Global
	GlobalSection(SolutionConfigurationPlatforms) = preSolution
		Debug|Any CPU = Debug|Any CPU
		Release|Any CPU = Release|Any CPU
	EndGlobalSection
	GlobalSection(ProjectConfigurationPlatforms) = postSolution
		{F3C753A6-1913-4BE7-B963-D222075835DF}.Debug|Any CPU.ActiveCfg = Debug|Any CPU
		{F3C753A6-1913-4BE7-B963-D222075835DF}.Debug|Any CPU.Build.0 = Debug|Any CPU
		{F3C753A6-1913-4BE7-B963-D222075835DF}.Release|Any CPU.ActiveCfg = Release|Any CPU
		{F3C753A6-1913-4BE7-B963-D222075835DF}.Release|Any CPU.Build.0 = Release|Any CPU
	EndGlobalSection
	GlobalSection(SolutionProperties) = preSolution
		HideSolutionNode = FALSE
	EndGlobalSection
	GlobalSection(ExtensibilityGlobals) = postSolution
		SolutionGuid = {D396CF49-9FAD-42A8-9A4B-39239BB6CA26}
	EndGlobalSection
EndGlobal
